
Microsoft Visual Studio Solution File, Format Version 12.00
# Visual Studio 2013
VisualStudioVersion = 12.0.40629.0
MinimumVisualStudioVersion = 10.0.40219.1
Project("{FAE04EC0-301F-11D3-BF4B-00C04F79EFBC}") = "RealDLL", "RealDLL\RealDLL.csproj", "{3CD610A1-5452-4D0A-B855-A68B1C4BE38D}"
EndProject
Project("{FAE04EC0-301F-11D3-BF4B-00C04F79EFBC}") = "FakeDLL", "FakeDLL\FakeDLL.csproj", "{64CE3F3C-A516-4606-AC29-511556F965D5}"
EndProject
Project("{FAE04EC0-301F-11D3-BF4B-00C04F79EFBC}") = "AdjustWP80", "..\..\Windows\sdk\WindowsPhone80\AdjustWP80.csproj", "{147466FE-FAF6-455A-8CA0-6819D0E7D82D}"
EndProject
Project("{FAE04EC0-301F-11D3-BF4B-00C04F79EFBC}") = "WindowsPCL", "..\..\Windows\sdk\WindowsPcl\WindowsPCL.csproj", "{1037B76A-1170-414D-AFAE-4C4621E78007}"
EndProject
Project("{FAE04EC0-301F-11D3-BF4B-00C04F79EFBC}") = "WindowsPCLnet40", "..\..\Windows\sdk\WindowsPclNet40\WindowsPCLnet40.csproj", "{C739ABC8-258E-4111-ACD8-6CE58D00633D}"
EndProject
Project("{2150E333-8FDC-42A3-9474-1A3956D46DE8}") = ".nuget", ".nuget", "{AACC3E29-09B5-4BA5-87AE-BD1EA2FCA99D}"
	ProjectSection(SolutionItems) = preProject
		.nuget\NuGet.Config = .nuget\NuGet.Config
		.nuget\NuGet.exe = .nuget\NuGet.exe
		.nuget\NuGet.targets = .nuget\NuGet.targets
	EndProjectSection
EndProject
Global
	GlobalSection(SolutionConfigurationPlatforms) = preSolution
		Debug|Any CPU = Debug|Any CPU
		Debug|ARM = Debug|ARM
		Debug|x86 = Debug|x86
		Release|Any CPU = Release|Any CPU
		Release|ARM = Release|ARM
		Release|x86 = Release|x86
	EndGlobalSection
	GlobalSection(ProjectConfigurationPlatforms) = postSolution
		{3CD610A1-5452-4D0A-B855-A68B1C4BE38D}.Debug|Any CPU.ActiveCfg = Debug|Any CPU
		{3CD610A1-5452-4D0A-B855-A68B1C4BE38D}.Debug|Any CPU.Build.0 = Debug|Any CPU
		{3CD610A1-5452-4D0A-B855-A68B1C4BE38D}.Debug|ARM.ActiveCfg = Debug|ARM
		{3CD610A1-5452-4D0A-B855-A68B1C4BE38D}.Debug|ARM.Build.0 = Debug|ARM
		{3CD610A1-5452-4D0A-B855-A68B1C4BE38D}.Debug|x86.ActiveCfg = Debug|x86
		{3CD610A1-5452-4D0A-B855-A68B1C4BE38D}.Debug|x86.Build.0 = Debug|x86
		{3CD610A1-5452-4D0A-B855-A68B1C4BE38D}.Release|Any CPU.ActiveCfg = Release|Any CPU
		{3CD610A1-5452-4D0A-B855-A68B1C4BE38D}.Release|Any CPU.Build.0 = Release|Any CPU
		{3CD610A1-5452-4D0A-B855-A68B1C4BE38D}.Release|ARM.ActiveCfg = Release|ARM
		{3CD610A1-5452-4D0A-B855-A68B1C4BE38D}.Release|ARM.Build.0 = Release|ARM
		{3CD610A1-5452-4D0A-B855-A68B1C4BE38D}.Release|x86.ActiveCfg = Release|x86
		{3CD610A1-5452-4D0A-B855-A68B1C4BE38D}.Release|x86.Build.0 = Release|x86
		{64CE3F3C-A516-4606-AC29-511556F965D5}.Debug|Any CPU.ActiveCfg = Debug|Any CPU
		{64CE3F3C-A516-4606-AC29-511556F965D5}.Debug|Any CPU.Build.0 = Debug|Any CPU
		{64CE3F3C-A516-4606-AC29-511556F965D5}.Debug|ARM.ActiveCfg = Debug|Any CPU
		{64CE3F3C-A516-4606-AC29-511556F965D5}.Debug|x86.ActiveCfg = Debug|Any CPU
		{64CE3F3C-A516-4606-AC29-511556F965D5}.Release|Any CPU.ActiveCfg = Release|Any CPU
		{64CE3F3C-A516-4606-AC29-511556F965D5}.Release|Any CPU.Build.0 = Release|Any CPU
		{64CE3F3C-A516-4606-AC29-511556F965D5}.Release|ARM.ActiveCfg = Release|Any CPU
		{64CE3F3C-A516-4606-AC29-511556F965D5}.Release|x86.ActiveCfg = Release|Any CPU
		{147466FE-FAF6-455A-8CA0-6819D0E7D82D}.Debug|Any CPU.ActiveCfg = Debug|Any CPU
		{147466FE-FAF6-455A-8CA0-6819D0E7D82D}.Debug|Any CPU.Build.0 = Debug|Any CPU
		{147466FE-FAF6-455A-8CA0-6819D0E7D82D}.Debug|ARM.ActiveCfg = Debug|ARM
		{147466FE-FAF6-455A-8CA0-6819D0E7D82D}.Debug|ARM.Build.0 = Debug|ARM
		{147466FE-FAF6-455A-8CA0-6819D0E7D82D}.Debug|x86.ActiveCfg = Debug|x86
		{147466FE-FAF6-455A-8CA0-6819D0E7D82D}.Debug|x86.Build.0 = Debug|x86
		{147466FE-FAF6-455A-8CA0-6819D0E7D82D}.Release|Any CPU.ActiveCfg = Release|Any CPU
		{147466FE-FAF6-455A-8CA0-6819D0E7D82D}.Release|Any CPU.Build.0 = Release|Any CPU
		{147466FE-FAF6-455A-8CA0-6819D0E7D82D}.Release|ARM.ActiveCfg = Release|ARM
		{147466FE-FAF6-455A-8CA0-6819D0E7D82D}.Release|ARM.Build.0 = Release|ARM
		{147466FE-FAF6-455A-8CA0-6819D0E7D82D}.Release|x86.ActiveCfg = Release|x86
		{147466FE-FAF6-455A-8CA0-6819D0E7D82D}.Release|x86.Build.0 = Release|x86
		{1037B76A-1170-414D-AFAE-4C4621E78007}.Debug|Any CPU.ActiveCfg = Debug|Any CPU
		{1037B76A-1170-414D-AFAE-4C4621E78007}.Debug|Any CPU.Build.0 = Debug|Any CPU
		{1037B76A-1170-414D-AFAE-4C4621E78007}.Debug|ARM.ActiveCfg = Debug|Any CPU
		{1037B76A-1170-414D-AFAE-4C4621E78007}.Debug|x86.ActiveCfg = Debug|Any CPU
		{1037B76A-1170-414D-AFAE-4C4621E78007}.Release|Any CPU.ActiveCfg = Release|Any CPU
		{1037B76A-1170-414D-AFAE-4C4621E78007}.Release|Any CPU.Build.0 = Release|Any CPU
		{1037B76A-1170-414D-AFAE-4C4621E78007}.Release|ARM.ActiveCfg = Release|Any CPU
		{1037B76A-1170-414D-AFAE-4C4621E78007}.Release|x86.ActiveCfg = Release|Any CPU
		{C739ABC8-258E-4111-ACD8-6CE58D00633D}.Debug|Any CPU.ActiveCfg = Debug|Any CPU
		{C739ABC8-258E-4111-ACD8-6CE58D00633D}.Debug|Any CPU.Build.0 = Debug|Any CPU
		{C739ABC8-258E-4111-ACD8-6CE58D00633D}.Debug|ARM.ActiveCfg = Debug|Any CPU
		{C739ABC8-258E-4111-ACD8-6CE58D00633D}.Debug|x86.ActiveCfg = Debug|Any CPU
		{C739ABC8-258E-4111-ACD8-6CE58D00633D}.Release|Any CPU.ActiveCfg = Release|Any CPU
		{C739ABC8-258E-4111-ACD8-6CE58D00633D}.Release|Any CPU.Build.0 = Release|Any CPU
		{C739ABC8-258E-4111-ACD8-6CE58D00633D}.Release|ARM.ActiveCfg = Release|Any CPU
		{C739ABC8-258E-4111-ACD8-6CE58D00633D}.Release|x86.ActiveCfg = Release|Any CPU
	EndGlobalSection
	GlobalSection(SolutionProperties) = preSolution
		HideSolutionNode = FALSE
	EndGlobalSection
EndGlobal
